
Microsoft Visual Studio Solution File, Format Version 12.00
Project("{FAE04EC0-301F-11D3-BF4B-00C04F79EFBC}") = "BaseImplementation", "BaseImplementation\BaseImplementation.csproj", "{EC3CFC2A-003B-43C6-ADF4-E0CC7ACEE2AB}"
EndProject
Global
	GlobalSection(SolutionConfigurationPlatforms) = preSolution
		Debug|Any CPU = Debug|Any CPU
		Release|Any CPU = Release|Any CPU
	EndGlobalSection
	GlobalSection(ProjectConfigurationPlatforms) = postSolution
		{EC3CFC2A-003B-43C6-ADF4-E0CC7ACEE2AB}.Debug|Any CPU.ActiveCfg = Debug|Any CPU
		{EC3CFC2A-003B-43C6-ADF4-E0CC7ACEE2AB}.Debug|Any CPU.Build.0 = Debug|Any CPU
		{EC3CFC2A-003B-43C6-ADF4-E0CC7ACEE2AB}.Release|Any CPU.ActiveCfg = Release|Any CPU
		{EC3CFC2A-003B-43C6-ADF4-E0CC7ACEE2AB}.Release|Any CPU.Build.0 = Release|Any CPU
	EndGlobalSection
EndGlobal
